
Microsoft Visual Studio Solution File, Format Version 12.00
# Visual Studio Version 16
VisualStudioVersion = 16.0.35731.53
MinimumVisualStudioVersion = 10.0.40219.1
Project("{FAE04EC0-301F-11D3-BF4B-00C04F79EFBC}") = "WebApplication5(lfe-nisha)", "WebApplication5(lfe-nisha).csproj", "{3E51D13C-509F-4D35-85DD-50F8820E51DD}"
EndProject
Global
	GlobalSection(SolutionConfigurationPlatforms) = preSolution
		Debug|Any CPU = Debug|Any CPU
		Release|Any CPU = Release|Any CPU
	EndGlobalSection
	GlobalSection(ProjectConfigurationPlatforms) = postSolution
		{3E51D13C-509F-4D35-85DD-50F8820E51DD}.Debug|Any CPU.ActiveCfg = Debug|Any CPU
		{3E51D13C-509F-4D35-85DD-50F8820E51DD}.Debug|Any CPU.Build.0 = Debug|Any CPU
		{3E51D13C-509F-4D35-85DD-50F8820E51DD}.Release|Any CPU.ActiveCfg = Release|Any CPU
		{3E51D13C-509F-4D35-85DD-50F8820E51DD}.Release|Any CPU.Build.0 = Release|Any CPU
	EndGlobalSection
	GlobalSection(SolutionProperties) = preSolution
		HideSolutionNode = FALSE
	EndGlobalSection
	GlobalSection(ExtensibilityGlobals) = postSolution
		SolutionGuid = {9C402AC4-73B5-4FA8-93E4-54422A773274}
	EndGlobalSection
EndGlobal
